// !$*UTF8*$!
{
	archiveVersion = 1;
	classes = {
	};
	objectVersion = 50;
	objects = {

/* Begin PBXBuildFile section */
		993CFD7624C969CE00C3FED3 /* AppDelegate.swift in Sources */ = {isa = PBXBuildFile; fileRef = 993CFD7524C969CE00C3FED3 /* AppDelegate.swift */; };
		993CFD7824C969CE00C3FED3 /* SceneDelegate.swift in Sources */ = {isa = PBXBuildFile; fileRef = 993CFD7724C969CE00C3FED3 /* SceneDelegate.swift */; };
		993CFD7A24C969CE00C3FED3 /* ViewController.swift in Sources */ = {isa = PBXBuildFile; fileRef = 993CFD7924C969CE00C3FED3 /* ViewController.swift */; };
		993CFD7D24C969CE00C3FED3 /* Main.storyboard in Resources */ = {isa = PBXBuildFile; fileRef = 993CFD7B24C969CE00C3FED3 /* Main.storyboard */; };
		993CFD7F24C969CF00C3FED3 /* Assets.xcassets in Resources */ = {isa = PBXBuildFile; fileRef = 993CFD7E24C969CF00C3FED3 /* Assets.xcassets */; };
		993CFD8224C969CF00C3FED3 /* LaunchScreen.storyboard in Resources */ = {isa = PBXBuildFile; fileRef = 993CFD8024C969CF00C3FED3 /* LaunchScreen.storyboard */; };
		993CFD8A24C96BF700C3FED3 /* 6.jpg in Resources */ = {isa = PBXBuildFile; fileRef = 993CFD8924C96BF700C3FED3 /* 6.jpg */; };
/* End PBXBuildFile section */

/* Begin PBXFileReference section */
		993CFD7224C969CE00C3FED3 /* PinchGesture.app */ = {isa = PBXFileReference; explicitFileType = wrapper.application; includeInIndex = 0; path = PinchGesture.app; sourceTree = BUILT_PRODUCTS_DIR; };
		993CFD7524C969CE00C3FED3 /* AppDelegate.swift */ = {isa = PBXFileReference; lastKnownFileType = sourcecode.swift; path = AppDelegate.swift; sourceTree = "<group>"; };
		993CFD7724C969CE00C3FED3 /* SceneDelegate.swift */ = {isa = PBXFileReference; lastKnownFileType = sourcecode.swift; path = SceneDelegate.swift; sourceTree = "<group>"; };
		993CFD7924C969CE00C3FED3 /* ViewController.swift */ = {isa = PBXFileReference; lastKnownFileType = sourcecode.swift; path = ViewController.swift; sourceTree = "<group>"; };
		993CFD7C24C969CE00C3FED3 /* Base */ = {isa = PBXFileReference; lastKnownFileType = file.storyboard; name = Base; path = Base.lproj/Main.storyboard; sourceTree = "<group>"; };
		993CFD7E24C969CF00C3FED3 /* Assets.xcassets */ = {isa = PBXFileReference; lastKnownFileType = folder.assetcatalog; path = Assets.xcassets; sourceTree = "<group>"; };
		993CFD8124C969CF00C3FED3 /* Base */ = {isa = PBXFileReference; lastKnownFileType = file.storyboard; name = Base; path = Base.lproj/LaunchScreen.storyboard; sourceTree = "<group>"; };
		993CFD8324C969CF00C3FED3 /* Info.plist */ = {isa = PBXFileReference; lastKnownFileType = text.plist.xml; path = Info.plist; sourceTree = "<group>"; };
		993CFD8924C96BF700C3FED3 /* 6.jpg */ = {isa = PBXFileReference; lastKnownFileType = image.jpeg; path = 6.jpg; sourceTree = "<group>"; };
/* End PBXFileReference section */

/* Begin PBXFrameworksBuildPhase section */
		993CFD6F24C969CE00C3FED3 /* Frameworks */ = {
			isa = PBXFrameworksBuildPhase;
			buildActionMask = 2147483647;
			files = (
			);
			runOnlyForDeploymentPostprocessing = 0;
		};
/* End PBXFrameworksBuildPhase section */

/* Begin PBXGroup section */
		993CFD6924C969CE00C3FED3 = {
			isa = PBXGroup;
			children = (
				993CFD7424C969CE00C3FED3 /* PinchGesture */,
				993CFD7324C969CE00C3FED3 /* Products */,
			);
			sourceTree = "<group>";
		};
		993CFD7324C969CE00C3FED3 /* Products */ = {
			isa = PBXGroup;
			children = (
				993CFD7224C969CE00C3FED3 /* PinchGesture.app */,
			);
			name = Products;
			sourceTree = "<group>";
		};
		993CFD7424C969CE00C3FED3 /* PinchGesture */ = {
			isa = PBXGroup;
			children = (
				993CFD8924C96BF700C3FED3 /* 6.jpg */,
				993CFD7524C969CE00C3FED3 /* AppDelegate.swift */,
				993CFD7724C969CE00C3FED3 /* SceneDelegate.swift */,
				993CFD7924C969CE00C3FED3 /* ViewController.swift */,
				993CFD7B24C969CE00C3FED3 /* Main.storyboard */,
				993CFD7E24C969CF00C3FED3 /* Assets.xcassets */,
				993CFD8024C969CF00C3FED3 /* LaunchScreen.storyboard */,
				993CFD8324C969CF00C3FED3 /* Info.plist */,
			);
			path = PinchGesture;
			sourceTree = "<group>";
		};
/* End PBXGroup section */

/* Begin PBXNativeTarget section */
		993CFD7124C969CE00C3FED3 /* PinchGesture */ = {
			isa = PBXNativeTarget;
			buildConfigurationList = 993CFD8624C969CF00C3FED3 /* Build configuration list for PBXNativeTarget "PinchGesture" */;
			buildPhases = (
				993CFD6E24C969CE00C3FED3 /* Sources */,
				993CFD6F24C969CE00C3FED3 /* Frameworks */,
				993CFD7024C969CE00C3FED3 /* Resources */,
			);
			buildRules = (
			);
			dependencies = (
			);
			name = PinchGesture;
			productName = PinchGesture;
			productReference = 993CFD7224C969CE00C3FED3 /* PinchGesture.app */;
			productType = "com.apple.product-type.application";
		};
/* End PBXNativeTarget section */

/* Begin PBXProject section */
		993CFD6A24C969CE00C3FED3 /* Project object */ = {
			isa = PBXProject;
			attributes = {
				LastSwiftUpdateCheck = 1200;
				LastUpgradeCheck = 1200;
				TargetAttributes = {
					993CFD7124C969CE00C3FED3 = {
						CreatedOnToolsVersion = 12.0;
					};
				};
			};
			buildConfigurationList = 993CFD6D24C969CE00C3FED3 /* Build configuration list for PBXProject "PinchGesture" */;
			compatibilityVersion = "Xcode 9.3";
			developmentRegion = en;
			hasScannedForEncodings = 0;
			knownRegions = (
				en,
				Base,
			);
			mainGroup = 993CFD6924C969CE00C3FED3;
			productRefGroup = 993CFD7324C969CE00C3FED3 /* Products */;
			projectDirPath = "";
			projectRoot = "";
			targets = (
				993CFD7124C969CE00C3FED3 /* PinchGesture */,
			);
		};
/* End PBXProject section */

/* Begin PBXResourcesBuildPhase section */
		993CFD7024C969CE00C3FED3 /* Resources */ = {
			isa = PBXResourcesBuildPhase;
			buildActionMask = 2147483647;
			files = (
				993CFD8224C969CF00C3FED3 /* LaunchScreen.storyboard in Resources */,
				993CFD7F24C969CF00C3FED3 /* Assets.xcassets in Resources */,
				993CFD8A24C96BF700C3FED3 /* 6.jpg in Resources */,
				993CFD7D24C969CE00C3FED3 /* Main.storyboard in Resources */,
			);
			runOnlyForDeploymentPostprocessing = 0;
		};
/* End PBXResourcesBuildPhase section */

/* Begin PBXSourcesBuildPhase section */
		993CFD6E24C969CE00C3FED3 /* Sources */ = {
			isa = PBXSourcesBuildPhase;
			buildActionMask = 2147483647;
			files = (
				993CFD7A24C969CE00C3FED3 /* ViewController.swift in Sources */,
				993CFD7624C969CE00C3FED3 /* AppDelegate.swift in Sources */,
				993CFD7824C969CE00C3FED3 /* SceneDelegate.swift in Sources */,
			);
			runOnlyForDeploymentPostprocessing = 0;
		};
/* End PBXSourcesBuildPhase section */

/* Begin PBXVariantGroup section */
		993CFD7B24C969CE00C3FED3 /* Main.storyboard */ = {
			isa = PBXVariantGroup;
			children = (
				993CFD7C24C969CE00C3FED3 /* Base */,
			);
			name = Main.storyboard;
			sourceTree = "<group>";
		};
		993CFD8024C969CF00C3FED3 /* LaunchScreen.storyboard */ = {
			isa = PBXVariantGroup;
			children = (
				993CFD8124C969CF00C3FED3 /* Base */,
			);
			name = LaunchScreen.storyboard;
			sourceTree = "<group>";
		};
/* End PBXVariantGroup section */

/* Begin XCBuildConfiguration section */
		993CFD8424C969CF00C3FED3 /* Debug */ = {
			isa = XCBuildConfiguration;
			buildSettings = {
				ALWAYS_SEARCH_USER_PATHS = NO;
				CLANG_ANALYZER_NONNULL = YES;
				CLANG_ANALYZER_NUMBER_OBJECT_CONVERSION = YES_AGGRESSIVE;
				CLANG_CXX_LANGUAGE_STANDARD = "gnu++14";
				CLANG_CXX_LIBRARY = "libc++";
				CLANG_ENABLE_MODULES = YES;
				CLANG_ENABLE_OBJC_ARC = YES;
				CLANG_ENABLE_OBJC_WEAK = YES;
				CLANG_WARN_BLOCK_CAPTURE_AUTORELEASING = YES;
				CLANG_WARN_BOOL_CONVERSION = YES;
				CLANG_WARN_COMMA = YES;
				CLANG_WARN_CONSTANT_CONVERSION = YES;
				CLANG_WARN_DEPRECATED_OBJC_IMPLEMENTATIONS = YES;
				CLANG_WARN_DIRECT_OBJC_ISA_USAGE = YES_ERROR;
				CLANG_WARN_DOCUMENTATION_COMMENTS = YES;
				CLANG_WARN_EMPTY_BODY = YES;
				CLANG_WARN_ENUM_CONVERSION = YES;
				CLANG_WARN_INFINITE_RECURSION = YES;
				CLANG_WARN_INT_CONVERSION = YES;
				CLANG_WARN_NON_LITERAL_NULL_CONVERSION = YES;
				CLANG_WARN_OBJC_IMPLICIT_RETAIN_SELF = YES;
				CLANG_WARN_OBJC_LITERAL_CONVERSION = YES;
				CLANG_WARN_OBJC_ROOT_CLASS = YES_ERROR;
				CLANG_WARN_QUOTED_INCLUDE_IN_FRAMEWORK_HEADER = YES;
				CLANG_WARN_RANGE_LOOP_ANALYSIS = YES;
				CLANG_WARN_STRICT_PROTOTYPES = YES;
				CLANG_WARN_SUSPICIOUS_MOVE = YES;
				CLANG_WARN_UNGUARDED_AVAILABILITY = YES_AGGRESSIVE;
				CLANG_WARN_UNREACHABLE_CODE = YES;
				CLANG_WARN__DUPLICATE_METHOD_MATCH = YES;
				COPY_PHASE_STRIP = NO;
				DEBUG_INFORMATION_FORMAT = dwarf;
				ENABLE_STRICT_OBJC_MSGSEND = YES;
				ENABLE_TESTABILITY = YES;
				GCC_C_LANGUAGE_STANDARD = gnu11;
				GCC_DYNAMIC_NO_PIC = NO;
				GCC_NO_COMMON_BLOCKS = YES;
				GCC_OPTIMIZATION_LEVEL = 0;
				GCC_PREPROCESSOR_DEFINITIONS = (
					"DEBUG=1",
					"$(inherited)",
				);
				GCC_WARN_64_TO_32_BIT_CONVERSION = YES;
				GCC_WARN_ABOUT_RETURN_TYPE = YES_ERROR;
				GCC_WARN_UNDECLARED_SELECTOR = YES;
				GCC_WARN_UNINITIALIZED_AUTOS = YES_AGGRESSIVE;
				GCC_WARN_UNUSED_FUNCTION = YES;
				GCC_WARN_UNUSED_VARIABLE = YES;
				IPHONEOS_DEPLOYMENT_TARGET = 14.0;
				MTL_ENABLE_DEBUG_INFO = INCLUDE_SOURCE;
				MTL_FAST_MATH = YES;
				ONLY_ACTIVE_ARCH = YES;
				SDKROOT = iphoneos;
				SWIFT_ACTIVE_COMPILATION_CONDITIONS = DEBUG;
				SWIFT_OPTIMIZATION_LEVEL = "-Onone";
			};
			name = Debug;
		};
		993CFD8524C969CF00C3FED3 /* Release */ = {
			isa = XCBuildConfiguration;
			buildSettings = {
				ALWAYS_SEARCH_USER_PATHS = NO;
				CLANG_ANALYZER_NONNULL = YES;
				CLANG_ANALYZER_NUMBER_OBJECT_CONVERSION = YES_AGGRESSIVE;
				CLANG_CXX_LANGUAGE_STANDARD = "gnu++14";
				CLANG_CXX_LIBRARY = "libc++";
				CLANG_ENABLE_MODULES = YES;
				CLANG_ENABLE_OBJC_ARC = YES;
				CLANG_ENABLE_OBJC_WEAK = YES;
				CLANG_WARN_BLOCK_CAPTURE_AUTORELEASING = YES;
				CLANG_WARN_BOOL_CONVERSION = YES;
				CLANG_WARN_COMMA = YES;
				CLANG_WARN_CONSTANT_CONVERSION = YES;
				CLANG_WARN_DEPRECATED_OBJC_IMPLEMENTATIONS = YES;
				CLANG_WARN_DIRECT_OBJC_ISA_USAGE = YES_ERROR;
				CLANG_WARN_DOCUMENTATION_COMMENTS = YES;
				CLANG_WARN_EMPTY_BODY = YES;
				CLANG_WARN_ENUM_CONVERSION = YES;
				CLANG_WARN_INFINITE_RECURSION = YES;
				CLANG_WARN_INT_CONVERSION = YES;
				CLANG_WARN_NON_LITERAL_NULL_CONVERSION = YES;
				CLANG_WARN_OBJC_IMPLICIT_RETAIN_SELF = YES;
				CLANG_WARN_OBJC_LITERAL_CONVERSION = YES;
				CLANG_WARN_OBJC_ROOT_CLASS = YES_ERROR;
				CLANG_WARN_QUOTED_INCLUDE_IN_FRAMEWORK_HEADER = YES;
				CLANG_WARN_RANGE_LOOP_ANALYSIS = YES;
				CLANG_WARN_STRICT_PROTOTYPES = YES;
				CLANG_WARN_SUSPICIOUS_MOVE = YES;
				CLANG_WARN_UNGUARDED_AVAILABILITY = YES_AGGRESSIVE;
				CLANG_WARN_UNREACHABLE_CODE = YES;
				CLANG_WARN__DUPLICATE_METHOD_MATCH = YES;
				COPY_PHASE_STRIP = NO;
				DEBUG_INFORMATION_FORMAT = "dwarf-with-dsym";
				ENABLE_NS_ASSERTIONS = NO;
				ENABLE_STRICT_OBJC_MSGSEND = YES;
				GCC_C_LANGUAGE_STANDARD = gnu11;
				GCC_NO_COMMON_BLOCKS = YES;
				GCC_WARN_64_TO_32_BIT_CONVERSION = YES;
				GCC_WARN_ABOUT_RETURN_TYPE = YES_ERROR;
				GCC_WARN_UNDECLARED_SELECTOR = YES;
				GCC_WARN_UNINITIALIZED_AUTOS = YES_AGGRESSIVE;
				GCC_WARN_UNUSED_FUNCTION = YES;
				GCC_WARN_UNUSED_VARIABLE = YES;
				IPHONEOS_DEPLOYMENT_TARGET = 14.0;
				MTL_ENABLE_DEBUG_INFO = NO;
				MTL_FAST_MATH = YES;
				SDKROOT = iphoneos;
				SWIFT_COMPILATION_MODE = wholemodule;
				SWIFT_OPTIMIZATION_LEVEL = "-O";
				VALIDATE_PRODUCT = YES;
			};
			name = Release;
		};
		993CFD8724C969CF00C3FED3 /* Debug */ = {
			isa = XCBuildConfiguration;
			buildSettings = {
				ASSETCATALOG_COMPILER_APPICON_NAME = AppIcon;
				ASSETCATALOG_COMPILER_GLOBAL_ACCENT_COLOR_NAME = AccentColor;
				CODE_SIGN_STYLE = Automatic;
				DEVELOPMENT_TEAM = 4WL559DRW9;
				INFOPLIST_FILE = PinchGesture/Info.plist;
				LD_RUNPATH_SEARCH_PATHS = (
					"$(inherited)",
					"@executable_path/Frameworks",
				);
				PRODUCT_BUNDLE_IDENTIFIER = kr.hwi.PinchGesture;
				PRODUCT_NAME = "$(TARGET_NAME)";
				SWIFT_VERSION = 5.0;
				TARGETED_DEVICE_FAMILY = 1;
			};
			name = Debug;
		};
		993CFD8824C969CF00C3FED3 /* Release */ = {
			isa = XCBuildConfiguration;
			buildSettings = {
				ASSETCATALOG_COMPILER_APPICON_NAME = AppIcon;
				ASSETCATALOG_COMPILER_GLOBAL_ACCENT_COLOR_NAME = AccentColor;
				CODE_SIGN_STYLE = Automatic;
				DEVELOPMENT_TEAM = 4WL559DRW9;
				INFOPLIST_FILE = PinchGesture/Info.plist;
				LD_RUNPATH_SEARCH_PATHS = (
					"$(inherited)",
					"@executable_path/Frameworks",
				);
				PRODUCT_BUNDLE_IDENTIFIER = kr.hwi.PinchGesture;
				PRODUCT_NAME = "$(TARGET_NAME)";
				SWIFT_VERSION = 5.0;
				TARGETED_DEVICE_FAMILY = 1;
			};
			name = Release;
		};
/* End XCBuildConfiguration section */

/* Begin XCConfigurationList section */
		993CFD6D24C969CE00C3FED3 /* Build configuration list for PBXProject "PinchGesture" */ = {
			isa = XCConfigurationList;
			buildConfigurations = (
				993CFD8424C969CF00C3FED3 /* Debug */,
				993CFD8524C969CF00C3FED3 /* Release */,
			);
			defaultConfigurationIsVisible = 0;
			defaultConfigurationName = Release;
		};
		993CFD8624C969CF00C3FED3 /* Build configuration list for PBXNativeTarget "PinchGesture" */ = {
			isa = XCConfigurationList;
			buildConfigurations = (
				993CFD8724C969CF00C3FED3 /* Debug */,
				993CFD8824C969CF00C3FED3 /* Release */,
			);
			defaultConfigurationIsVisible = 0;
			defaultConfigurationName = Release;
		};
/* End XCConfigurationList section */
	};
	rootObject = 993CFD6A24C969CE00C3FED3 /* Project object */;
}
