// !$*UTF8*$!
{
	archiveVersion = 1;
	classes = {
	};
	objectVersion = 50;
	objects = {

/* Begin PBXBuildFile section */
		997BE67B24CD6E74009B2097 /* AppDelegate.swift in Sources */ = {isa = PBXBuildFile; fileRef = 997BE67A24CD6E74009B2097 /* AppDelegate.swift */; };
		997BE67D24CD6E74009B2097 /* SceneDelegate.swift in Sources */ = {isa = PBXBuildFile; fileRef = 997BE67C24CD6E74009B2097 /* SceneDelegate.swift */; };
		997BE68224CD6E74009B2097 /* Main.storyboard in Resources */ = {isa = PBXBuildFile; fileRef = 997BE68024CD6E74009B2097 /* Main.storyboard */; };
		997BE68424CD6E75009B2097 /* Assets.xcassets in Resources */ = {isa = PBXBuildFile; fileRef = 997BE68324CD6E75009B2097 /* Assets.xcassets */; };
		997BE68724CD6E75009B2097 /* LaunchScreen.storyboard in Resources */ = {isa = PBXBuildFile; fileRef = 997BE68524CD6E75009B2097 /* LaunchScreen.storyboard */; };
		997BE69324CD7113009B2097 /* ListViewController.swift in Sources */ = {isa = PBXBuildFile; fileRef = 997BE69224CD7113009B2097 /* ListViewController.swift */; };
		997BE69524CD76A3009B2097 /* MovieCell.swift in Sources */ = {isa = PBXBuildFile; fileRef = 997BE69424CD76A3009B2097 /* MovieCell.swift */; };
		997BE69724CD7824009B2097 /* MovieVO.swift in Sources */ = {isa = PBXBuildFile; fileRef = 997BE69624CD7824009B2097 /* MovieVO.swift */; };
		997BE69924CDA886009B2097 /* DetailViewController.swift in Sources */ = {isa = PBXBuildFile; fileRef = 997BE69824CDA886009B2097 /* DetailViewController.swift */; };
/* End PBXBuildFile section */

/* Begin PBXFileReference section */
		997BE67724CD6E74009B2097 /* MovieChart.app */ = {isa = PBXFileReference; explicitFileType = wrapper.application; includeInIndex = 0; path = MovieChart.app; sourceTree = BUILT_PRODUCTS_DIR; };
		997BE67A24CD6E74009B2097 /* AppDelegate.swift */ = {isa = PBXFileReference; lastKnownFileType = sourcecode.swift; path = AppDelegate.swift; sourceTree = "<group>"; };
		997BE67C24CD6E74009B2097 /* SceneDelegate.swift */ = {isa = PBXFileReference; lastKnownFileType = sourcecode.swift; path = SceneDelegate.swift; sourceTree = "<group>"; };
		997BE68124CD6E74009B2097 /* Base */ = {isa = PBXFileReference; lastKnownFileType = file.storyboard; name = Base; path = Base.lproj/Main.storyboard; sourceTree = "<group>"; };
		997BE68324CD6E75009B2097 /* Assets.xcassets */ = {isa = PBXFileReference; lastKnownFileType = folder.assetcatalog; path = Assets.xcassets; sourceTree = "<group>"; };
		997BE68624CD6E75009B2097 /* Base */ = {isa = PBXFileReference; lastKnownFileType = file.storyboard; name = Base; path = Base.lproj/LaunchScreen.storyboard; sourceTree = "<group>"; };
		997BE68824CD6E75009B2097 /* Info.plist */ = {isa = PBXFileReference; lastKnownFileType = text.plist.xml; path = Info.plist; sourceTree = "<group>"; };
		997BE69224CD7113009B2097 /* ListViewController.swift */ = {isa = PBXFileReference; lastKnownFileType = sourcecode.swift; path = ListViewController.swift; sourceTree = "<group>"; };
		997BE69424CD76A3009B2097 /* MovieCell.swift */ = {isa = PBXFileReference; lastKnownFileType = sourcecode.swift; path = MovieCell.swift; sourceTree = "<group>"; };
		997BE69624CD7824009B2097 /* MovieVO.swift */ = {isa = PBXFileReference; lastKnownFileType = sourcecode.swift; path = MovieVO.swift; sourceTree = "<group>"; };
		997BE69824CDA886009B2097 /* DetailViewController.swift */ = {isa = PBXFileReference; lastKnownFileType = sourcecode.swift; path = DetailViewController.swift; sourceTree = "<group>"; };
/* End PBXFileReference section */

/* Begin PBXFrameworksBuildPhase section */
		997BE67424CD6E74009B2097 /* Frameworks */ = {
			isa = PBXFrameworksBuildPhase;
			buildActionMask = 2147483647;
			files = (
			);
			runOnlyForDeploymentPostprocessing = 0;
		};
/* End PBXFrameworksBuildPhase section */

/* Begin PBXGroup section */
		997BE66E24CD6E74009B2097 = {
			isa = PBXGroup;
			children = (
				997BE67924CD6E74009B2097 /* MovieChart */,
				997BE67824CD6E74009B2097 /* Products */,
			);
			sourceTree = "<group>";
		};
		997BE67824CD6E74009B2097 /* Products */ = {
			isa = PBXGroup;
			children = (
				997BE67724CD6E74009B2097 /* MovieChart.app */,
			);
			name = Products;
			sourceTree = "<group>";
		};
		997BE67924CD6E74009B2097 /* MovieChart */ = {
			isa = PBXGroup;
			children = (
				997BE67A24CD6E74009B2097 /* AppDelegate.swift */,
				997BE67C24CD6E74009B2097 /* SceneDelegate.swift */,
				997BE68024CD6E74009B2097 /* Main.storyboard */,
				997BE68324CD6E75009B2097 /* Assets.xcassets */,
				997BE68524CD6E75009B2097 /* LaunchScreen.storyboard */,
				997BE68824CD6E75009B2097 /* Info.plist */,
				997BE69224CD7113009B2097 /* ListViewController.swift */,
				997BE69424CD76A3009B2097 /* MovieCell.swift */,
				997BE69624CD7824009B2097 /* MovieVO.swift */,
				997BE69824CDA886009B2097 /* DetailViewController.swift */,
			);
			path = MovieChart;
			sourceTree = "<group>";
		};
/* End PBXGroup section */

/* Begin PBXNativeTarget section */
		997BE67624CD6E74009B2097 /* MovieChart */ = {
			isa = PBXNativeTarget;
			buildConfigurationList = 997BE68B24CD6E75009B2097 /* Build configuration list for PBXNativeTarget "MovieChart" */;
			buildPhases = (
				997BE67324CD6E74009B2097 /* Sources */,
				997BE67424CD6E74009B2097 /* Frameworks */,
				997BE67524CD6E74009B2097 /* Resources */,
			);
			buildRules = (
			);
			dependencies = (
			);
			name = MovieChart;
			productName = MovieChart;
			productReference = 997BE67724CD6E74009B2097 /* MovieChart.app */;
			productType = "com.apple.product-type.application";
		};
/* End PBXNativeTarget section */

/* Begin PBXProject section */
		997BE66F24CD6E74009B2097 /* Project object */ = {
			isa = PBXProject;
			attributes = {
				LastSwiftUpdateCheck = 1200;
				LastUpgradeCheck = 1200;
				TargetAttributes = {
					997BE67624CD6E74009B2097 = {
						CreatedOnToolsVersion = 12.0;
					};
				};
			};
			buildConfigurationList = 997BE67224CD6E74009B2097 /* Build configuration list for PBXProject "MovieChart" */;
			compatibilityVersion = "Xcode 9.3";
			developmentRegion = en;
			hasScannedForEncodings = 0;
			knownRegions = (
				en,
				Base,
			);
			mainGroup = 997BE66E24CD6E74009B2097;
			productRefGroup = 997BE67824CD6E74009B2097 /* Products */;
			projectDirPath = "";
			projectRoot = "";
			targets = (
				997BE67624CD6E74009B2097 /* MovieChart */,
			);
		};
/* End PBXProject section */

/* Begin PBXResourcesBuildPhase section */
		997BE67524CD6E74009B2097 /* Resources */ = {
			isa = PBXResourcesBuildPhase;
			buildActionMask = 2147483647;
			files = (
				997BE68724CD6E75009B2097 /* LaunchScreen.storyboard in Resources */,
				997BE68424CD6E75009B2097 /* Assets.xcassets in Resources */,
				997BE68224CD6E74009B2097 /* Main.storyboard in Resources */,
			);
			runOnlyForDeploymentPostprocessing = 0;
		};
/* End PBXResourcesBuildPhase section */

/* Begin PBXSourcesBuildPhase section */
		997BE67324CD6E74009B2097 /* Sources */ = {
			isa = PBXSourcesBuildPhase;
			buildActionMask = 2147483647;
			files = (
				997BE67B24CD6E74009B2097 /* AppDelegate.swift in Sources */,
				997BE67D24CD6E74009B2097 /* SceneDelegate.swift in Sources */,
				997BE69524CD76A3009B2097 /* MovieCell.swift in Sources */,
				997BE69924CDA886009B2097 /* DetailViewController.swift in Sources */,
				997BE69324CD7113009B2097 /* ListViewController.swift in Sources */,
				997BE69724CD7824009B2097 /* MovieVO.swift in Sources */,
			);
			runOnlyForDeploymentPostprocessing = 0;
		};
/* End PBXSourcesBuildPhase section */

/* Begin PBXVariantGroup section */
		997BE68024CD6E74009B2097 /* Main.storyboard */ = {
			isa = PBXVariantGroup;
			children = (
				997BE68124CD6E74009B2097 /* Base */,
			);
			name = Main.storyboard;
			sourceTree = "<group>";
		};
		997BE68524CD6E75009B2097 /* LaunchScreen.storyboard */ = {
			isa = PBXVariantGroup;
			children = (
				997BE68624CD6E75009B2097 /* Base */,
			);
			name = LaunchScreen.storyboard;
			sourceTree = "<group>";
		};
/* End PBXVariantGroup section */

/* Begin XCBuildConfiguration section */
		997BE68924CD6E75009B2097 /* Debug */ = {
			isa = XCBuildConfiguration;
			buildSettings = {
				ALWAYS_SEARCH_USER_PATHS = NO;
				CLANG_ANALYZER_NONNULL = YES;
				CLANG_ANALYZER_NUMBER_OBJECT_CONVERSION = YES_AGGRESSIVE;
				CLANG_CXX_LANGUAGE_STANDARD = "gnu++14";
				CLANG_CXX_LIBRARY = "libc++";
				CLANG_ENABLE_MODULES = YES;
				CLANG_ENABLE_OBJC_ARC = YES;
				CLANG_ENABLE_OBJC_WEAK = YES;
				CLANG_WARN_BLOCK_CAPTURE_AUTORELEASING = YES;
				CLANG_WARN_BOOL_CONVERSION = YES;
				CLANG_WARN_COMMA = YES;
				CLANG_WARN_CONSTANT_CONVERSION = YES;
				CLANG_WARN_DEPRECATED_OBJC_IMPLEMENTATIONS = YES;
				CLANG_WARN_DIRECT_OBJC_ISA_USAGE = YES_ERROR;
				CLANG_WARN_DOCUMENTATION_COMMENTS = YES;
				CLANG_WARN_EMPTY_BODY = YES;
				CLANG_WARN_ENUM_CONVERSION = YES;
				CLANG_WARN_INFINITE_RECURSION = YES;
				CLANG_WARN_INT_CONVERSION = YES;
				CLANG_WARN_NON_LITERAL_NULL_CONVERSION = YES;
				CLANG_WARN_OBJC_IMPLICIT_RETAIN_SELF = YES;
				CLANG_WARN_OBJC_LITERAL_CONVERSION = YES;
				CLANG_WARN_OBJC_ROOT_CLASS = YES_ERROR;
				CLANG_WARN_QUOTED_INCLUDE_IN_FRAMEWORK_HEADER = YES;
				CLANG_WARN_RANGE_LOOP_ANALYSIS = YES;
				CLANG_WARN_STRICT_PROTOTYPES = YES;
				CLANG_WARN_SUSPICIOUS_MOVE = YES;
				CLANG_WARN_UNGUARDED_AVAILABILITY = YES_AGGRESSIVE;
				CLANG_WARN_UNREACHABLE_CODE = YES;
				CLANG_WARN__DUPLICATE_METHOD_MATCH = YES;
				COPY_PHASE_STRIP = NO;
				DEBUG_INFORMATION_FORMAT = dwarf;
				ENABLE_STRICT_OBJC_MSGSEND = YES;
				ENABLE_TESTABILITY = YES;
				GCC_C_LANGUAGE_STANDARD = gnu11;
				GCC_DYNAMIC_NO_PIC = NO;
				GCC_NO_COMMON_BLOCKS = YES;
				GCC_OPTIMIZATION_LEVEL = 0;
				GCC_PREPROCESSOR_DEFINITIONS = (
					"DEBUG=1",
					"$(inherited)",
				);
				GCC_WARN_64_TO_32_BIT_CONVERSION = YES;
				GCC_WARN_ABOUT_RETURN_TYPE = YES_ERROR;
				GCC_WARN_UNDECLARED_SELECTOR = YES;
				GCC_WARN_UNINITIALIZED_AUTOS = YES_AGGRESSIVE;
				GCC_WARN_UNUSED_FUNCTION = YES;
				GCC_WARN_UNUSED_VARIABLE = YES;
				IPHONEOS_DEPLOYMENT_TARGET = 14.0;
				MTL_ENABLE_DEBUG_INFO = INCLUDE_SOURCE;
				MTL_FAST_MATH = YES;
				ONLY_ACTIVE_ARCH = YES;
				SDKROOT = iphoneos;
				SWIFT_ACTIVE_COMPILATION_CONDITIONS = DEBUG;
				SWIFT_OPTIMIZATION_LEVEL = "-Onone";
			};
			name = Debug;
		};
		997BE68A24CD6E75009B2097 /* Release */ = {
			isa = XCBuildConfiguration;
			buildSettings = {
				ALWAYS_SEARCH_USER_PATHS = NO;
				CLANG_ANALYZER_NONNULL = YES;
				CLANG_ANALYZER_NUMBER_OBJECT_CONVERSION = YES_AGGRESSIVE;
				CLANG_CXX_LANGUAGE_STANDARD = "gnu++14";
				CLANG_CXX_LIBRARY = "libc++";
				CLANG_ENABLE_MODULES = YES;
				CLANG_ENABLE_OBJC_ARC = YES;
				CLANG_ENABLE_OBJC_WEAK = YES;
				CLANG_WARN_BLOCK_CAPTURE_AUTORELEASING = YES;
				CLANG_WARN_BOOL_CONVERSION = YES;
				CLANG_WARN_COMMA = YES;
				CLANG_WARN_CONSTANT_CONVERSION = YES;
				CLANG_WARN_DEPRECATED_OBJC_IMPLEMENTATIONS = YES;
				CLANG_WARN_DIRECT_OBJC_ISA_USAGE = YES_ERROR;
				CLANG_WARN_DOCUMENTATION_COMMENTS = YES;
				CLANG_WARN_EMPTY_BODY = YES;
				CLANG_WARN_ENUM_CONVERSION = YES;
				CLANG_WARN_INFINITE_RECURSION = YES;
				CLANG_WARN_INT_CONVERSION = YES;
				CLANG_WARN_NON_LITERAL_NULL_CONVERSION = YES;
				CLANG_WARN_OBJC_IMPLICIT_RETAIN_SELF = YES;
				CLANG_WARN_OBJC_LITERAL_CONVERSION = YES;
				CLANG_WARN_OBJC_ROOT_CLASS = YES_ERROR;
				CLANG_WARN_QUOTED_INCLUDE_IN_FRAMEWORK_HEADER = YES;
				CLANG_WARN_RANGE_LOOP_ANALYSIS = YES;
				CLANG_WARN_STRICT_PROTOTYPES = YES;
				CLANG_WARN_SUSPICIOUS_MOVE = YES;
				CLANG_WARN_UNGUARDED_AVAILABILITY = YES_AGGRESSIVE;
				CLANG_WARN_UNREACHABLE_CODE = YES;
				CLANG_WARN__DUPLICATE_METHOD_MATCH = YES;
				COPY_PHASE_STRIP = NO;
				DEBUG_INFORMATION_FORMAT = "dwarf-with-dsym";
				ENABLE_NS_ASSERTIONS = NO;
				ENABLE_STRICT_OBJC_MSGSEND = YES;
				GCC_C_LANGUAGE_STANDARD = gnu11;
				GCC_NO_COMMON_BLOCKS = YES;
				GCC_WARN_64_TO_32_BIT_CONVERSION = YES;
				GCC_WARN_ABOUT_RETURN_TYPE = YES_ERROR;
				GCC_WARN_UNDECLARED_SELECTOR = YES;
				GCC_WARN_UNINITIALIZED_AUTOS = YES_AGGRESSIVE;
				GCC_WARN_UNUSED_FUNCTION = YES;
				GCC_WARN_UNUSED_VARIABLE = YES;
				IPHONEOS_DEPLOYMENT_TARGET = 14.0;
				MTL_ENABLE_DEBUG_INFO = NO;
				MTL_FAST_MATH = YES;
				SDKROOT = iphoneos;
				SWIFT_COMPILATION_MODE = wholemodule;
				SWIFT_OPTIMIZATION_LEVEL = "-O";
				VALIDATE_PRODUCT = YES;
			};
			name = Release;
		};
		997BE68C24CD6E75009B2097 /* Debug */ = {
			isa = XCBuildConfiguration;
			buildSettings = {
				ASSETCATALOG_COMPILER_APPICON_NAME = AppIcon;
				ASSETCATALOG_COMPILER_GLOBAL_ACCENT_COLOR_NAME = AccentColor;
				CODE_SIGN_STYLE = Automatic;
				DEVELOPMENT_TEAM = 4WL559DRW9;
				INFOPLIST_FILE = MovieChart/Info.plist;
				LD_RUNPATH_SEARCH_PATHS = (
					"$(inherited)",
					"@executable_path/Frameworks",
				);
				PRODUCT_BUNDLE_IDENTIFIER = kr.hwi.MovieChart;
				PRODUCT_NAME = "$(TARGET_NAME)";
				SWIFT_VERSION = 5.0;
				TARGETED_DEVICE_FAMILY = 1;
			};
			name = Debug;
		};
		997BE68D24CD6E75009B2097 /* Release */ = {
			isa = XCBuildConfiguration;
			buildSettings = {
				ASSETCATALOG_COMPILER_APPICON_NAME = AppIcon;
				ASSETCATALOG_COMPILER_GLOBAL_ACCENT_COLOR_NAME = AccentColor;
				CODE_SIGN_STYLE = Automatic;
				DEVELOPMENT_TEAM = 4WL559DRW9;
				INFOPLIST_FILE = MovieChart/Info.plist;
				LD_RUNPATH_SEARCH_PATHS = (
					"$(inherited)",
					"@executable_path/Frameworks",
				);
				PRODUCT_BUNDLE_IDENTIFIER = kr.hwi.MovieChart;
				PRODUCT_NAME = "$(TARGET_NAME)";
				SWIFT_VERSION = 5.0;
				TARGETED_DEVICE_FAMILY = 1;
			};
			name = Release;
		};
/* End XCBuildConfiguration section */

/* Begin XCConfigurationList section */
		997BE67224CD6E74009B2097 /* Build configuration list for PBXProject "MovieChart" */ = {
			isa = XCConfigurationList;
			buildConfigurations = (
				997BE68924CD6E75009B2097 /* Debug */,
				997BE68A24CD6E75009B2097 /* Release */,
			);
			defaultConfigurationIsVisible = 0;
			defaultConfigurationName = Release;
		};
		997BE68B24CD6E75009B2097 /* Build configuration list for PBXNativeTarget "MovieChart" */ = {
			isa = XCConfigurationList;
			buildConfigurations = (
				997BE68C24CD6E75009B2097 /* Debug */,
				997BE68D24CD6E75009B2097 /* Release */,
			);
			defaultConfigurationIsVisible = 0;
			defaultConfigurationName = Release;
		};
/* End XCConfigurationList section */
	};
	rootObject = 997BE66F24CD6E74009B2097 /* Project object */;
}
